
Microsoft Visual Studio Solution File, Format Version 12.00
# Visual Studio Version 17
VisualStudioVersion = 17.11.35327.3
MinimumVisualStudioVersion = 10.0.40219.1
Project("{FAE04EC0-301F-11D3-BF4B-00C04F79EFBC}") = "Simulator", "Simulator\Simulator.csproj", "{2844577D-B228-42BD-80A4-DC8C33AE35EC}"
EndProject
Global
	GlobalSection(SolutionConfigurationPlatforms) = preSolution
		Debug|Any CPU = Debug|Any CPU
		Release|Any CPU = Release|Any CPU
	EndGlobalSection
	GlobalSection(ProjectConfigurationPlatforms) = postSolution
		{2844577D-B228-42BD-80A4-DC8C33AE35EC}.Debug|Any CPU.ActiveCfg = Debug|Any CPU
		{2844577D-B228-42BD-80A4-DC8C33AE35EC}.Debug|Any CPU.Build.0 = Debug|Any CPU
		{2844577D-B228-42BD-80A4-DC8C33AE35EC}.Release|Any CPU.ActiveCfg = Release|Any CPU
		{2844577D-B228-42BD-80A4-DC8C33AE35EC}.Release|Any CPU.Build.0 = Release|Any CPU
	EndGlobalSection
	GlobalSection(SolutionProperties) = preSolution
		HideSolutionNode = FALSE
	EndGlobalSection
	GlobalSection(ExtensibilityGlobals) = postSolution
		SolutionGuid = {F4A8E33A-3CF2-493B-9227-FE1D3E1EC811}
	EndGlobalSection
EndGlobal
